
Microsoft Visual Studio Solution File, Format Version 12.00
# Visual Studio Version 17
VisualStudioVersion = 17.2.32317.152
MinimumVisualStudioVersion = 10.0.40219.1
Project("{9A19103F-16F7-4668-BE54-9A1E7A4F7556}") = "ConsoleApp1", "ConsoleApp1\ConsoleApp1.csproj", "{129094F8-4388-4E60-BC77-53D6C1418E8E}"
EndProject
Project("{8BC9CEB8-8B4A-11D0-8D11-00A0C91BC942}") = "monkey", "Project2\Project2.vcxproj", "{52CF6936-8983-4113-8D52-D6B654D55DE3}"
EndProject
Project("{8BC9CEB8-8B4A-11D0-8D11-00A0C91BC942}") = "ConsolEengine", "Project3\Project3.vcxproj", "{1CCE0124-A1CE-417C-A91F-661913D105D1}"
EndProject
Project("{8BC9CEB8-8B4A-11D0-8D11-00A0C91BC942}") = "std_any", "std_any\std_any.vcxproj", "{1CE7B00A-3BF6-44D5-A13A-47AED809BD0E}"
EndProject
Project("{8BC9CEB8-8B4A-11D0-8D11-00A0C91BC942}") = "BlankApp1", "BlankApp1\BlankApp1.vcxproj", "{42B22250-25E5-4E84-9B49-7BA939AA3547}"
EndProject
Project("{9A19103F-16F7-4668-BE54-9A1E7A4F7556}") = "WinFormsApp1", "WinFormsApp1\WinFormsApp1.csproj", "{4EE46CD3-501F-4EB4-B6D8-63D6492DB383}"
EndProject
Project("{FAE04EC0-301F-11D3-BF4B-00C04F79EFBC}") = "MapCreator", "MapCreator\MapCreator.csproj", "{E42C35AD-3A32-4C1F-9F6F-C232F1005B10}"
EndProject
Global
	GlobalSection(SolutionConfigurationPlatforms) = preSolution
		Debug|Any CPU = Debug|Any CPU
		Debug|ARM = Debug|ARM
		Debug|arm64 = Debug|arm64
		Debug|x64 = Debug|x64
		Debug|x86 = Debug|x86
		Release|Any CPU = Release|Any CPU
		Release|ARM = Release|ARM
		Release|arm64 = Release|arm64
		Release|x64 = Release|x64
		Release|x86 = Release|x86
	EndGlobalSection
	GlobalSection(ProjectConfigurationPlatforms) = postSolution
		{129094F8-4388-4E60-BC77-53D6C1418E8E}.Debug|Any CPU.ActiveCfg = Debug|Any CPU
		{129094F8-4388-4E60-BC77-53D6C1418E8E}.Debug|Any CPU.Build.0 = Debug|Any CPU
		{129094F8-4388-4E60-BC77-53D6C1418E8E}.Debug|ARM.ActiveCfg = Debug|Any CPU
		{129094F8-4388-4E60-BC77-53D6C1418E8E}.Debug|ARM.Build.0 = Debug|Any CPU
		{129094F8-4388-4E60-BC77-53D6C1418E8E}.Debug|arm64.ActiveCfg = Debug|Any CPU
		{129094F8-4388-4E60-BC77-53D6C1418E8E}.Debug|arm64.Build.0 = Debug|Any CPU
		{129094F8-4388-4E60-BC77-53D6C1418E8E}.Debug|x64.ActiveCfg = Debug|Any CPU
		{129094F8-4388-4E60-BC77-53D6C1418E8E}.Debug|x64.Build.0 = Debug|Any CPU
		{129094F8-4388-4E60-BC77-53D6C1418E8E}.Debug|x86.ActiveCfg = Debug|Any CPU
		{129094F8-4388-4E60-BC77-53D6C1418E8E}.Debug|x86.Build.0 = Debug|Any CPU
		{129094F8-4388-4E60-BC77-53D6C1418E8E}.Release|Any CPU.ActiveCfg = Release|Any CPU
		{129094F8-4388-4E60-BC77-53D6C1418E8E}.Release|Any CPU.Build.0 = Release|Any CPU
		{129094F8-4388-4E60-BC77-53D6C1418E8E}.Release|ARM.ActiveCfg = Release|Any CPU
		{129094F8-4388-4E60-BC77-53D6C1418E8E}.Release|ARM.Build.0 = Release|Any CPU
		{129094F8-4388-4E60-BC77-53D6C1418E8E}.Release|arm64.ActiveCfg = Release|Any CPU
		{129094F8-4388-4E60-BC77-53D6C1418E8E}.Release|arm64.Build.0 = Release|Any CPU
		{129094F8-4388-4E60-BC77-53D6C1418E8E}.Release|x64.ActiveCfg = Release|Any CPU
		{129094F8-4388-4E60-BC77-53D6C1418E8E}.Release|x64.Build.0 = Release|Any CPU
		{129094F8-4388-4E60-BC77-53D6C1418E8E}.Release|x86.ActiveCfg = Release|Any CPU
		{129094F8-4388-4E60-BC77-53D6C1418E8E}.Release|x86.Build.0 = Release|Any CPU
		{52CF6936-8983-4113-8D52-D6B654D55DE3}.Debug|Any CPU.ActiveCfg = Debug|x64
		{52CF6936-8983-4113-8D52-D6B654D55DE3}.Debug|Any CPU.Build.0 = Debug|x64
		{52CF6936-8983-4113-8D52-D6B654D55DE3}.Debug|ARM.ActiveCfg = Debug|x64
		{52CF6936-8983-4113-8D52-D6B654D55DE3}.Debug|ARM.Build.0 = Debug|x64
		{52CF6936-8983-4113-8D52-D6B654D55DE3}.Debug|arm64.ActiveCfg = Debug|x64
		{52CF6936-8983-4113-8D52-D6B654D55DE3}.Debug|arm64.Build.0 = Debug|x64
		{52CF6936-8983-4113-8D52-D6B654D55DE3}.Debug|x64.ActiveCfg = Debug|x64
		{52CF6936-8983-4113-8D52-D6B654D55DE3}.Debug|x64.Build.0 = Debug|x64
		{52CF6936-8983-4113-8D52-D6B654D55DE3}.Debug|x86.ActiveCfg = Debug|Win32
		{52CF6936-8983-4113-8D52-D6B654D55DE3}.Debug|x86.Build.0 = Debug|Win32
		{52CF6936-8983-4113-8D52-D6B654D55DE3}.Release|Any CPU.ActiveCfg = Release|x64
		{52CF6936-8983-4113-8D52-D6B654D55DE3}.Release|Any CPU.Build.0 = Release|x64
		{52CF6936-8983-4113-8D52-D6B654D55DE3}.Release|ARM.ActiveCfg = Release|x64
		{52CF6936-8983-4113-8D52-D6B654D55DE3}.Release|ARM.Build.0 = Release|x64
		{52CF6936-8983-4113-8D52-D6B654D55DE3}.Release|arm64.ActiveCfg = Release|x64
		{52CF6936-8983-4113-8D52-D6B654D55DE3}.Release|arm64.Build.0 = Release|x64
		{52CF6936-8983-4113-8D52-D6B654D55DE3}.Release|x64.ActiveCfg = Release|x64
		{52CF6936-8983-4113-8D52-D6B654D55DE3}.Release|x64.Build.0 = Release|x64
		{52CF6936-8983-4113-8D52-D6B654D55DE3}.Release|x86.ActiveCfg = Release|Win32
		{52CF6936-8983-4113-8D52-D6B654D55DE3}.Release|x86.Build.0 = Release|Win32
		{1CCE0124-A1CE-417C-A91F-661913D105D1}.Debug|Any CPU.ActiveCfg = Debug|x64
		{1CCE0124-A1CE-417C-A91F-661913D105D1}.Debug|Any CPU.Build.0 = Debug|x64
		{1CCE0124-A1CE-417C-A91F-661913D105D1}.Debug|ARM.ActiveCfg = Debug|x64
		{1CCE0124-A1CE-417C-A91F-661913D105D1}.Debug|ARM.Build.0 = Debug|x64
		{1CCE0124-A1CE-417C-A91F-661913D105D1}.Debug|arm64.ActiveCfg = Debug|x64
		{1CCE0124-A1CE-417C-A91F-661913D105D1}.Debug|arm64.Build.0 = Debug|x64
		{1CCE0124-A1CE-417C-A91F-661913D105D1}.Debug|x64.ActiveCfg = Debug|x64
		{1CCE0124-A1CE-417C-A91F-661913D105D1}.Debug|x64.Build.0 = Debug|x64
		{1CCE0124-A1CE-417C-A91F-661913D105D1}.Debug|x86.ActiveCfg = Debug|Win32
		{1CCE0124-A1CE-417C-A91F-661913D105D1}.Debug|x86.Build.0 = Debug|Win32
		{1CCE0124-A1CE-417C-A91F-661913D105D1}.Release|Any CPU.ActiveCfg = Release|x64
		{1CCE0124-A1CE-417C-A91F-661913D105D1}.Release|Any CPU.Build.0 = Release|x64
		{1CCE0124-A1CE-417C-A91F-661913D105D1}.Release|ARM.ActiveCfg = Release|x64
		{1CCE0124-A1CE-417C-A91F-661913D105D1}.Release|ARM.Build.0 = Release|x64
		{1CCE0124-A1CE-417C-A91F-661913D105D1}.Release|arm64.ActiveCfg = Release|x64
		{1CCE0124-A1CE-417C-A91F-661913D105D1}.Release|arm64.Build.0 = Release|x64
		{1CCE0124-A1CE-417C-A91F-661913D105D1}.Release|x64.ActiveCfg = Release|x64
		{1CCE0124-A1CE-417C-A91F-661913D105D1}.Release|x64.Build.0 = Release|x64
		{1CCE0124-A1CE-417C-A91F-661913D105D1}.Release|x86.ActiveCfg = Release|Win32
		{1CCE0124-A1CE-417C-A91F-661913D105D1}.Release|x86.Build.0 = Release|Win32
		{1CE7B00A-3BF6-44D5-A13A-47AED809BD0E}.Debug|Any CPU.ActiveCfg = Debug|x64
		{1CE7B00A-3BF6-44D5-A13A-47AED809BD0E}.Debug|Any CPU.Build.0 = Debug|x64
		{1CE7B00A-3BF6-44D5-A13A-47AED809BD0E}.Debug|ARM.ActiveCfg = Debug|x64
		{1CE7B00A-3BF6-44D5-A13A-47AED809BD0E}.Debug|ARM.Build.0 = Debug|x64
		{1CE7B00A-3BF6-44D5-A13A-47AED809BD0E}.Debug|arm64.ActiveCfg = Debug|x64
		{1CE7B00A-3BF6-44D5-A13A-47AED809BD0E}.Debug|arm64.Build.0 = Debug|x64
		{1CE7B00A-3BF6-44D5-A13A-47AED809BD0E}.Debug|x64.ActiveCfg = Debug|x64
		{1CE7B00A-3BF6-44D5-A13A-47AED809BD0E}.Debug|x64.Build.0 = Debug|x64
		{1CE7B00A-3BF6-44D5-A13A-47AED809BD0E}.Debug|x86.ActiveCfg = Debug|Win32
		{1CE7B00A-3BF6-44D5-A13A-47AED809BD0E}.Debug|x86.Build.0 = Debug|Win32
		{1CE7B00A-3BF6-44D5-A13A-47AED809BD0E}.Release|Any CPU.ActiveCfg = Release|x64
		{1CE7B00A-3BF6-44D5-A13A-47AED809BD0E}.Release|Any CPU.Build.0 = Release|x64
		{1CE7B00A-3BF6-44D5-A13A-47AED809BD0E}.Release|ARM.ActiveCfg = Release|x64
		{1CE7B00A-3BF6-44D5-A13A-47AED809BD0E}.Release|ARM.Build.0 = Release|x64
		{1CE7B00A-3BF6-44D5-A13A-47AED809BD0E}.Release|arm64.ActiveCfg = Release|x64
		{1CE7B00A-3BF6-44D5-A13A-47AED809BD0E}.Release|arm64.Build.0 = Release|x64
		{1CE7B00A-3BF6-44D5-A13A-47AED809BD0E}.Release|x64.ActiveCfg = Release|x64
		{1CE7B00A-3BF6-44D5-A13A-47AED809BD0E}.Release|x64.Build.0 = Release|x64
		{1CE7B00A-3BF6-44D5-A13A-47AED809BD0E}.Release|x86.ActiveCfg = Release|Win32
		{1CE7B00A-3BF6-44D5-A13A-47AED809BD0E}.Release|x86.Build.0 = Release|Win32
		{42B22250-25E5-4E84-9B49-7BA939AA3547}.Debug|Any CPU.ActiveCfg = Debug|x64
		{42B22250-25E5-4E84-9B49-7BA939AA3547}.Debug|Any CPU.Build.0 = Debug|x64
		{42B22250-25E5-4E84-9B49-7BA939AA3547}.Debug|Any CPU.Deploy.0 = Debug|x64
		{42B22250-25E5-4E84-9B49-7BA939AA3547}.Debug|ARM.ActiveCfg = Debug|ARM
		{42B22250-25E5-4E84-9B49-7BA939AA3547}.Debug|ARM.Build.0 = Debug|ARM
		{42B22250-25E5-4E84-9B49-7BA939AA3547}.Debug|ARM.Deploy.0 = Debug|ARM
		{42B22250-25E5-4E84-9B49-7BA939AA3547}.Debug|arm64.ActiveCfg = Debug|ARM64
		{42B22250-25E5-4E84-9B49-7BA939AA3547}.Debug|arm64.Build.0 = Debug|ARM64
		{42B22250-25E5-4E84-9B49-7BA939AA3547}.Debug|arm64.Deploy.0 = Debug|ARM64
		{42B22250-25E5-4E84-9B49-7BA939AA3547}.Debug|x64.ActiveCfg = Debug|x64
		{42B22250-25E5-4E84-9B49-7BA939AA3547}.Debug|x64.Build.0 = Debug|x64
		{42B22250-25E5-4E84-9B49-7BA939AA3547}.Debug|x64.Deploy.0 = Debug|x64
		{42B22250-25E5-4E84-9B49-7BA939AA3547}.Debug|x86.ActiveCfg = Debug|Win32
		{42B22250-25E5-4E84-9B49-7BA939AA3547}.Debug|x86.Build.0 = Debug|Win32
		{42B22250-25E5-4E84-9B49-7BA939AA3547}.Debug|x86.Deploy.0 = Debug|Win32
		{42B22250-25E5-4E84-9B49-7BA939AA3547}.Release|Any CPU.ActiveCfg = Release|x64
		{42B22250-25E5-4E84-9B49-7BA939AA3547}.Release|Any CPU.Build.0 = Release|x64
		{42B22250-25E5-4E84-9B49-7BA939AA3547}.Release|Any CPU.Deploy.0 = Release|x64
		{42B22250-25E5-4E84-9B49-7BA939AA3547}.Release|ARM.ActiveCfg = Release|ARM
		{42B22250-25E5-4E84-9B49-7BA939AA3547}.Release|ARM.Build.0 = Release|ARM
		{42B22250-25E5-4E84-9B49-7BA939AA3547}.Release|ARM.Deploy.0 = Release|ARM
		{42B22250-25E5-4E84-9B49-7BA939AA3547}.Release|arm64.ActiveCfg = Release|ARM64
		{42B22250-25E5-4E84-9B49-7BA939AA3547}.Release|arm64.Build.0 = Release|ARM64
		{42B22250-25E5-4E84-9B49-7BA939AA3547}.Release|arm64.Deploy.0 = Release|ARM64
		{42B22250-25E5-4E84-9B49-7BA939AA3547}.Release|x64.ActiveCfg = Release|x64
		{42B22250-25E5-4E84-9B49-7BA939AA3547}.Release|x64.Build.0 = Release|x64
		{42B22250-25E5-4E84-9B49-7BA939AA3547}.Release|x64.Deploy.0 = Release|x64
		{42B22250-25E5-4E84-9B49-7BA939AA3547}.Release|x86.ActiveCfg = Release|Win32
		{42B22250-25E5-4E84-9B49-7BA939AA3547}.Release|x86.Build.0 = Release|Win32
		{42B22250-25E5-4E84-9B49-7BA939AA3547}.Release|x86.Deploy.0 = Release|Win32
		{4EE46CD3-501F-4EB4-B6D8-63D6492DB383}.Debug|Any CPU.ActiveCfg = Debug|Any CPU
		{4EE46CD3-501F-4EB4-B6D8-63D6492DB383}.Debug|Any CPU.Build.0 = Debug|Any CPU
		{4EE46CD3-501F-4EB4-B6D8-63D6492DB383}.Debug|ARM.ActiveCfg = Debug|Any CPU
		{4EE46CD3-501F-4EB4-B6D8-63D6492DB383}.Debug|ARM.Build.0 = Debug|Any CPU
		{4EE46CD3-501F-4EB4-B6D8-63D6492DB383}.Debug|arm64.ActiveCfg = Debug|Any CPU
		{4EE46CD3-501F-4EB4-B6D8-63D6492DB383}.Debug|arm64.Build.0 = Debug|Any CPU
		{4EE46CD3-501F-4EB4-B6D8-63D6492DB383}.Debug|x64.ActiveCfg = Debug|Any CPU
		{4EE46CD3-501F-4EB4-B6D8-63D6492DB383}.Debug|x64.Build.0 = Debug|Any CPU
		{4EE46CD3-501F-4EB4-B6D8-63D6492DB383}.Debug|x86.ActiveCfg = Debug|Any CPU
		{4EE46CD3-501F-4EB4-B6D8-63D6492DB383}.Debug|x86.Build.0 = Debug|Any CPU
		{4EE46CD3-501F-4EB4-B6D8-63D6492DB383}.Release|Any CPU.ActiveCfg = Release|Any CPU
		{4EE46CD3-501F-4EB4-B6D8-63D6492DB383}.Release|Any CPU.Build.0 = Release|Any CPU
		{4EE46CD3-501F-4EB4-B6D8-63D6492DB383}.Release|ARM.ActiveCfg = Release|Any CPU
		{4EE46CD3-501F-4EB4-B6D8-63D6492DB383}.Release|ARM.Build.0 = Release|Any CPU
		{4EE46CD3-501F-4EB4-B6D8-63D6492DB383}.Release|arm64.ActiveCfg = Release|Any CPU
		{4EE46CD3-501F-4EB4-B6D8-63D6492DB383}.Release|arm64.Build.0 = Release|Any CPU
		{4EE46CD3-501F-4EB4-B6D8-63D6492DB383}.Release|x64.ActiveCfg = Release|Any CPU
		{4EE46CD3-501F-4EB4-B6D8-63D6492DB383}.Release|x64.Build.0 = Release|Any CPU
		{4EE46CD3-501F-4EB4-B6D8-63D6492DB383}.Release|x86.ActiveCfg = Release|Any CPU
		{4EE46CD3-501F-4EB4-B6D8-63D6492DB383}.Release|x86.Build.0 = Release|Any CPU
		{E42C35AD-3A32-4C1F-9F6F-C232F1005B10}.Debug|Any CPU.ActiveCfg = Debug|Any CPU
		{E42C35AD-3A32-4C1F-9F6F-C232F1005B10}.Debug|Any CPU.Build.0 = Debug|Any CPU
		{E42C35AD-3A32-4C1F-9F6F-C232F1005B10}.Debug|ARM.ActiveCfg = Debug|Any CPU
		{E42C35AD-3A32-4C1F-9F6F-C232F1005B10}.Debug|ARM.Build.0 = Debug|Any CPU
		{E42C35AD-3A32-4C1F-9F6F-C232F1005B10}.Debug|arm64.ActiveCfg = Debug|Any CPU
		{E42C35AD-3A32-4C1F-9F6F-C232F1005B10}.Debug|arm64.Build.0 = Debug|Any CPU
		{E42C35AD-3A32-4C1F-9F6F-C232F1005B10}.Debug|x64.ActiveCfg = Debug|Any CPU
		{E42C35AD-3A32-4C1F-9F6F-C232F1005B10}.Debug|x64.Build.0 = Debug|Any CPU
		{E42C35AD-3A32-4C1F-9F6F-C232F1005B10}.Debug|x86.ActiveCfg = Debug|Any CPU
		{E42C35AD-3A32-4C1F-9F6F-C232F1005B10}.Debug|x86.Build.0 = Debug|Any CPU
		{E42C35AD-3A32-4C1F-9F6F-C232F1005B10}.Release|Any CPU.ActiveCfg = Release|Any CPU
		{E42C35AD-3A32-4C1F-9F6F-C232F1005B10}.Release|Any CPU.Build.0 = Release|Any CPU
		{E42C35AD-3A32-4C1F-9F6F-C232F1005B10}.Release|ARM.ActiveCfg = Release|Any CPU
		{E42C35AD-3A32-4C1F-9F6F-C232F1005B10}.Release|ARM.Build.0 = Release|Any CPU
		{E42C35AD-3A32-4C1F-9F6F-C232F1005B10}.Release|arm64.ActiveCfg = Release|Any CPU
		{E42C35AD-3A32-4C1F-9F6F-C232F1005B10}.Release|arm64.Build.0 = Release|Any CPU
		{E42C35AD-3A32-4C1F-9F6F-C232F1005B10}.Release|x64.ActiveCfg = Release|Any CPU
		{E42C35AD-3A32-4C1F-9F6F-C232F1005B10}.Release|x64.Build.0 = Release|Any CPU
		{E42C35AD-3A32-4C1F-9F6F-C232F1005B10}.Release|x86.ActiveCfg = Release|Any CPU
		{E42C35AD-3A32-4C1F-9F6F-C232F1005B10}.Release|x86.Build.0 = Release|Any CPU
	EndGlobalSection
	GlobalSection(SolutionProperties) = preSolution
		HideSolutionNode = FALSE
	EndGlobalSection
	GlobalSection(ExtensibilityGlobals) = postSolution
		SolutionGuid = {CA8BB042-396F-49C7-8F7E-082C1409E3A7}
	EndGlobalSection
EndGlobal
