
Microsoft Visual Studio Solution File, Format Version 12.00
# Visual Studio Version 17
VisualStudioVersion = 17.2.32317.152
MinimumVisualStudioVersion = 10.0.40219.1
Project("{8BC9CEB8-8B4A-11D0-8D11-00A0C91BC942}") = "monkey", "Project2\Project2.vcxproj", "{52CF6936-8983-4113-8D52-D6B654D55DE3}"
EndProject
Project("{8BC9CEB8-8B4A-11D0-8D11-00A0C91BC942}") = "ConsolEengine", "Project3\Project3.vcxproj", "{1CCE0124-A1CE-417C-A91F-661913D105D1}"
EndProject
Project("{8BC9CEB8-8B4A-11D0-8D11-00A0C91BC942}") = "std_any", "std_any\std_any.vcxproj", "{1CE7B00A-3BF6-44D5-A13A-47AED809BD0E}"
EndProject
Project("{9A19103F-16F7-4668-BE54-9A1E7A4F7556}") = "WinFormsApp1", "WinFormsApp1\WinFormsApp1.csproj", "{4EE46CD3-501F-4EB4-B6D8-63D6492DB383}"
EndProject
Project("{FAE04EC0-301F-11D3-BF4B-00C04F79EFBC}") = "MapCreator", "MapCreator\MapCreator.csproj", "{E42C35AD-3A32-4C1F-9F6F-C232F1005B10}"
EndProject
Project("{8BC9CEB8-8B4A-11D0-8D11-00A0C91BC942}") = "Direct3D9", "Direct3D9\Direct3D9.vcxproj", "{35827DEF-C7CD-4318-B974-0AAD948DEC7E}"
EndProject
Project("{9A19103F-16F7-4668-BE54-9A1E7A4F7556}") = "ConsoleApp1", "ConsoleApp1\ConsoleApp1.csproj", "{D2E36461-A75A-4427-A970-85F71CE313DE}"
EndProject
EndProject
Project("{FAE04EC0-301F-11D3-BF4B-00C04F79EFBC}") = "ConsoleApp2", "ConsoleApp2\ConsoleApp2.csproj", "{FA0F2286-36C6-4BC3-9135-17B5FEA95274}"
EndProject
Project("{8BC9CEB8-8B4A-11D0-8D11-00A0C91BC942}") = "ZiYue4D", "ZiYue4D\ZiYue4D.vcxproj", "{BA19EAEE-F4FA-4E69-B1F2-C6DDC1B2F714}"
EndProject
Global
	GlobalSection(SolutionConfigurationPlatforms) = preSolution
		Debug|Any CPU = Debug|Any CPU
		Debug|ARM = Debug|ARM
		Debug|arm64 = Debug|arm64
		Debug|x64 = Debug|x64
		Debug|x86 = Debug|x86
		Release|Any CPU = Release|Any CPU
		Release|ARM = Release|ARM
		Release|arm64 = Release|arm64
		Release|x64 = Release|x64
		Release|x86 = Release|x86
	EndGlobalSection
	GlobalSection(ProjectConfigurationPlatforms) = postSolution
		{52CF6936-8983-4113-8D52-D6B654D55DE3}.Debug|Any CPU.ActiveCfg = Debug|x64
		{52CF6936-8983-4113-8D52-D6B654D55DE3}.Debug|Any CPU.Build.0 = Debug|x64
		{52CF6936-8983-4113-8D52-D6B654D55DE3}.Debug|ARM.ActiveCfg = Debug|x64
		{52CF6936-8983-4113-8D52-D6B654D55DE3}.Debug|ARM.Build.0 = Debug|x64
		{52CF6936-8983-4113-8D52-D6B654D55DE3}.Debug|arm64.ActiveCfg = Debug|x64
		{52CF6936-8983-4113-8D52-D6B654D55DE3}.Debug|arm64.Build.0 = Debug|x64
		{52CF6936-8983-4113-8D52-D6B654D55DE3}.Debug|x64.ActiveCfg = Debug|x64
		{52CF6936-8983-4113-8D52-D6B654D55DE3}.Debug|x64.Build.0 = Debug|x64
		{52CF6936-8983-4113-8D52-D6B654D55DE3}.Debug|x86.ActiveCfg = Debug|Win32
		{52CF6936-8983-4113-8D52-D6B654D55DE3}.Debug|x86.Build.0 = Debug|Win32
		{52CF6936-8983-4113-8D52-D6B654D55DE3}.Release|Any CPU.ActiveCfg = Release|x64
		{52CF6936-8983-4113-8D52-D6B654D55DE3}.Release|Any CPU.Build.0 = Release|x64
		{52CF6936-8983-4113-8D52-D6B654D55DE3}.Release|ARM.ActiveCfg = Release|x64
		{52CF6936-8983-4113-8D52-D6B654D55DE3}.Release|ARM.Build.0 = Release|x64
		{52CF6936-8983-4113-8D52-D6B654D55DE3}.Release|arm64.ActiveCfg = Release|x64
		{52CF6936-8983-4113-8D52-D6B654D55DE3}.Release|arm64.Build.0 = Release|x64
		{52CF6936-8983-4113-8D52-D6B654D55DE3}.Release|x64.ActiveCfg = Release|x64
		{52CF6936-8983-4113-8D52-D6B654D55DE3}.Release|x64.Build.0 = Release|x64
		{52CF6936-8983-4113-8D52-D6B654D55DE3}.Release|x86.ActiveCfg = Release|Win32
		{52CF6936-8983-4113-8D52-D6B654D55DE3}.Release|x86.Build.0 = Release|Win32
		{1CCE0124-A1CE-417C-A91F-661913D105D1}.Debug|Any CPU.ActiveCfg = Debug|x64
		{1CCE0124-A1CE-417C-A91F-661913D105D1}.Debug|Any CPU.Build.0 = Debug|x64
		{1CCE0124-A1CE-417C-A91F-661913D105D1}.Debug|ARM.ActiveCfg = Debug|x64
		{1CCE0124-A1CE-417C-A91F-661913D105D1}.Debug|ARM.Build.0 = Debug|x64
		{1CCE0124-A1CE-417C-A91F-661913D105D1}.Debug|arm64.ActiveCfg = Debug|x64
		{1CCE0124-A1CE-417C-A91F-661913D105D1}.Debug|arm64.Build.0 = Debug|x64
		{1CCE0124-A1CE-417C-A91F-661913D105D1}.Debug|x64.ActiveCfg = Debug|x64
		{1CCE0124-A1CE-417C-A91F-661913D105D1}.Debug|x64.Build.0 = Debug|x64
		{1CCE0124-A1CE-417C-A91F-661913D105D1}.Debug|x86.ActiveCfg = Debug|Win32
		{1CCE0124-A1CE-417C-A91F-661913D105D1}.Debug|x86.Build.0 = Debug|Win32
		{1CCE0124-A1CE-417C-A91F-661913D105D1}.Release|Any CPU.ActiveCfg = Release|x64
		{1CCE0124-A1CE-417C-A91F-661913D105D1}.Release|Any CPU.Build.0 = Release|x64
		{1CCE0124-A1CE-417C-A91F-661913D105D1}.Release|ARM.ActiveCfg = Release|x64
		{1CCE0124-A1CE-417C-A91F-661913D105D1}.Release|ARM.Build.0 = Release|x64
		{1CCE0124-A1CE-417C-A91F-661913D105D1}.Release|arm64.ActiveCfg = Release|x64
		{1CCE0124-A1CE-417C-A91F-661913D105D1}.Release|arm64.Build.0 = Release|x64
		{1CCE0124-A1CE-417C-A91F-661913D105D1}.Release|x64.ActiveCfg = Release|x64
		{1CCE0124-A1CE-417C-A91F-661913D105D1}.Release|x64.Build.0 = Release|x64
		{1CCE0124-A1CE-417C-A91F-661913D105D1}.Release|x86.ActiveCfg = Release|Win32
		{1CCE0124-A1CE-417C-A91F-661913D105D1}.Release|x86.Build.0 = Release|Win32
		{1CE7B00A-3BF6-44D5-A13A-47AED809BD0E}.Debug|Any CPU.ActiveCfg = Debug|x64
		{1CE7B00A-3BF6-44D5-A13A-47AED809BD0E}.Debug|Any CPU.Build.0 = Debug|x64
		{1CE7B00A-3BF6-44D5-A13A-47AED809BD0E}.Debug|ARM.ActiveCfg = Debug|x64
		{1CE7B00A-3BF6-44D5-A13A-47AED809BD0E}.Debug|ARM.Build.0 = Debug|x64
		{1CE7B00A-3BF6-44D5-A13A-47AED809BD0E}.Debug|arm64.ActiveCfg = Debug|x64
		{1CE7B00A-3BF6-44D5-A13A-47AED809BD0E}.Debug|arm64.Build.0 = Debug|x64
		{1CE7B00A-3BF6-44D5-A13A-47AED809BD0E}.Debug|x64.ActiveCfg = Debug|x64
		{1CE7B00A-3BF6-44D5-A13A-47AED809BD0E}.Debug|x64.Build.0 = Debug|x64
		{1CE7B00A-3BF6-44D5-A13A-47AED809BD0E}.Debug|x86.ActiveCfg = Debug|Win32
		{1CE7B00A-3BF6-44D5-A13A-47AED809BD0E}.Debug|x86.Build.0 = Debug|Win32
		{1CE7B00A-3BF6-44D5-A13A-47AED809BD0E}.Release|Any CPU.ActiveCfg = Release|x64
		{1CE7B00A-3BF6-44D5-A13A-47AED809BD0E}.Release|Any CPU.Build.0 = Release|x64
		{1CE7B00A-3BF6-44D5-A13A-47AED809BD0E}.Release|ARM.ActiveCfg = Release|x64
		{1CE7B00A-3BF6-44D5-A13A-47AED809BD0E}.Release|ARM.Build.0 = Release|x64
		{1CE7B00A-3BF6-44D5-A13A-47AED809BD0E}.Release|arm64.ActiveCfg = Release|x64
		{1CE7B00A-3BF6-44D5-A13A-47AED809BD0E}.Release|arm64.Build.0 = Release|x64
		{1CE7B00A-3BF6-44D5-A13A-47AED809BD0E}.Release|x64.ActiveCfg = Release|x64
		{1CE7B00A-3BF6-44D5-A13A-47AED809BD0E}.Release|x64.Build.0 = Release|x64
		{1CE7B00A-3BF6-44D5-A13A-47AED809BD0E}.Release|x86.ActiveCfg = Release|Win32
		{1CE7B00A-3BF6-44D5-A13A-47AED809BD0E}.Release|x86.Build.0 = Release|Win32
		{4EE46CD3-501F-4EB4-B6D8-63D6492DB383}.Debug|Any CPU.ActiveCfg = Debug|Any CPU
		{4EE46CD3-501F-4EB4-B6D8-63D6492DB383}.Debug|Any CPU.Build.0 = Debug|Any CPU
		{4EE46CD3-501F-4EB4-B6D8-63D6492DB383}.Debug|ARM.ActiveCfg = Debug|Any CPU
		{4EE46CD3-501F-4EB4-B6D8-63D6492DB383}.Debug|ARM.Build.0 = Debug|Any CPU
		{4EE46CD3-501F-4EB4-B6D8-63D6492DB383}.Debug|arm64.ActiveCfg = Debug|Any CPU
		{4EE46CD3-501F-4EB4-B6D8-63D6492DB383}.Debug|arm64.Build.0 = Debug|Any CPU
		{4EE46CD3-501F-4EB4-B6D8-63D6492DB383}.Debug|x64.ActiveCfg = Debug|Any CPU
		{4EE46CD3-501F-4EB4-B6D8-63D6492DB383}.Debug|x64.Build.0 = Debug|Any CPU
		{4EE46CD3-501F-4EB4-B6D8-63D6492DB383}.Debug|x86.ActiveCfg = Debug|Any CPU
		{4EE46CD3-501F-4EB4-B6D8-63D6492DB383}.Debug|x86.Build.0 = Debug|Any CPU
		{4EE46CD3-501F-4EB4-B6D8-63D6492DB383}.Release|Any CPU.ActiveCfg = Release|Any CPU
		{4EE46CD3-501F-4EB4-B6D8-63D6492DB383}.Release|Any CPU.Build.0 = Release|Any CPU
		{4EE46CD3-501F-4EB4-B6D8-63D6492DB383}.Release|ARM.ActiveCfg = Release|Any CPU
		{4EE46CD3-501F-4EB4-B6D8-63D6492DB383}.Release|ARM.Build.0 = Release|Any CPU
		{4EE46CD3-501F-4EB4-B6D8-63D6492DB383}.Release|arm64.ActiveCfg = Release|Any CPU
		{4EE46CD3-501F-4EB4-B6D8-63D6492DB383}.Release|arm64.Build.0 = Release|Any CPU
		{4EE46CD3-501F-4EB4-B6D8-63D6492DB383}.Release|x64.ActiveCfg = Release|Any CPU
		{4EE46CD3-501F-4EB4-B6D8-63D6492DB383}.Release|x64.Build.0 = Release|Any CPU
		{4EE46CD3-501F-4EB4-B6D8-63D6492DB383}.Release|x86.ActiveCfg = Release|Any CPU
		{4EE46CD3-501F-4EB4-B6D8-63D6492DB383}.Release|x86.Build.0 = Release|Any CPU
		{E42C35AD-3A32-4C1F-9F6F-C232F1005B10}.Debug|Any CPU.ActiveCfg = Debug|Any CPU
		{E42C35AD-3A32-4C1F-9F6F-C232F1005B10}.Debug|Any CPU.Build.0 = Debug|Any CPU
		{E42C35AD-3A32-4C1F-9F6F-C232F1005B10}.Debug|ARM.ActiveCfg = Debug|Any CPU
		{E42C35AD-3A32-4C1F-9F6F-C232F1005B10}.Debug|ARM.Build.0 = Debug|Any CPU
		{E42C35AD-3A32-4C1F-9F6F-C232F1005B10}.Debug|arm64.ActiveCfg = Debug|Any CPU
		{E42C35AD-3A32-4C1F-9F6F-C232F1005B10}.Debug|arm64.Build.0 = Debug|Any CPU
		{E42C35AD-3A32-4C1F-9F6F-C232F1005B10}.Debug|x64.ActiveCfg = Debug|Any CPU
		{E42C35AD-3A32-4C1F-9F6F-C232F1005B10}.Debug|x64.Build.0 = Debug|Any CPU
		{E42C35AD-3A32-4C1F-9F6F-C232F1005B10}.Debug|x86.ActiveCfg = Debug|Any CPU
		{E42C35AD-3A32-4C1F-9F6F-C232F1005B10}.Debug|x86.Build.0 = Debug|Any CPU
		{E42C35AD-3A32-4C1F-9F6F-C232F1005B10}.Release|Any CPU.ActiveCfg = Release|Any CPU
		{E42C35AD-3A32-4C1F-9F6F-C232F1005B10}.Release|Any CPU.Build.0 = Release|Any CPU
		{E42C35AD-3A32-4C1F-9F6F-C232F1005B10}.Release|ARM.ActiveCfg = Release|Any CPU
		{E42C35AD-3A32-4C1F-9F6F-C232F1005B10}.Release|ARM.Build.0 = Release|Any CPU
		{E42C35AD-3A32-4C1F-9F6F-C232F1005B10}.Release|arm64.ActiveCfg = Release|Any CPU
		{E42C35AD-3A32-4C1F-9F6F-C232F1005B10}.Release|arm64.Build.0 = Release|Any CPU
		{E42C35AD-3A32-4C1F-9F6F-C232F1005B10}.Release|x64.ActiveCfg = Release|Any CPU
		{E42C35AD-3A32-4C1F-9F6F-C232F1005B10}.Release|x64.Build.0 = Release|Any CPU
		{E42C35AD-3A32-4C1F-9F6F-C232F1005B10}.Release|x86.ActiveCfg = Release|Any CPU
		{E42C35AD-3A32-4C1F-9F6F-C232F1005B10}.Release|x86.Build.0 = Release|Any CPU
		{35827DEF-C7CD-4318-B974-0AAD948DEC7E}.Debug|Any CPU.ActiveCfg = Debug|x64
		{35827DEF-C7CD-4318-B974-0AAD948DEC7E}.Debug|Any CPU.Build.0 = Debug|x64
		{35827DEF-C7CD-4318-B974-0AAD948DEC7E}.Debug|ARM.ActiveCfg = Debug|x64
		{35827DEF-C7CD-4318-B974-0AAD948DEC7E}.Debug|ARM.Build.0 = Debug|x64
		{35827DEF-C7CD-4318-B974-0AAD948DEC7E}.Debug|arm64.ActiveCfg = Debug|x64
		{35827DEF-C7CD-4318-B974-0AAD948DEC7E}.Debug|arm64.Build.0 = Debug|x64
		{35827DEF-C7CD-4318-B974-0AAD948DEC7E}.Debug|x64.ActiveCfg = Debug|x64
		{35827DEF-C7CD-4318-B974-0AAD948DEC7E}.Debug|x64.Build.0 = Debug|x64
		{35827DEF-C7CD-4318-B974-0AAD948DEC7E}.Debug|x86.ActiveCfg = Debug|Win32
		{35827DEF-C7CD-4318-B974-0AAD948DEC7E}.Debug|x86.Build.0 = Debug|Win32
		{35827DEF-C7CD-4318-B974-0AAD948DEC7E}.Release|Any CPU.ActiveCfg = Release|x64
		{35827DEF-C7CD-4318-B974-0AAD948DEC7E}.Release|Any CPU.Build.0 = Release|x64
		{35827DEF-C7CD-4318-B974-0AAD948DEC7E}.Release|ARM.ActiveCfg = Release|x64
		{35827DEF-C7CD-4318-B974-0AAD948DEC7E}.Release|ARM.Build.0 = Release|x64
		{35827DEF-C7CD-4318-B974-0AAD948DEC7E}.Release|arm64.ActiveCfg = Release|x64
		{35827DEF-C7CD-4318-B974-0AAD948DEC7E}.Release|arm64.Build.0 = Release|x64
		{35827DEF-C7CD-4318-B974-0AAD948DEC7E}.Release|x64.ActiveCfg = Release|x64
		{35827DEF-C7CD-4318-B974-0AAD948DEC7E}.Release|x64.Build.0 = Release|x64
		{35827DEF-C7CD-4318-B974-0AAD948DEC7E}.Release|x86.ActiveCfg = Release|Win32
		{35827DEF-C7CD-4318-B974-0AAD948DEC7E}.Release|x86.Build.0 = Release|Win32
		{D2E36461-A75A-4427-A970-85F71CE313DE}.Debug|Any CPU.ActiveCfg = Debug|Any CPU
		{D2E36461-A75A-4427-A970-85F71CE313DE}.Debug|Any CPU.Build.0 = Debug|Any CPU
		{D2E36461-A75A-4427-A970-85F71CE313DE}.Debug|ARM.ActiveCfg = Debug|Any CPU
		{D2E36461-A75A-4427-A970-85F71CE313DE}.Debug|ARM.Build.0 = Debug|Any CPU
		{D2E36461-A75A-4427-A970-85F71CE313DE}.Debug|arm64.ActiveCfg = Debug|Any CPU
		{D2E36461-A75A-4427-A970-85F71CE313DE}.Debug|arm64.Build.0 = Debug|Any CPU
		{D2E36461-A75A-4427-A970-85F71CE313DE}.Debug|x64.ActiveCfg = Debug|Any CPU
		{D2E36461-A75A-4427-A970-85F71CE313DE}.Debug|x64.Build.0 = Debug|Any CPU
		{D2E36461-A75A-4427-A970-85F71CE313DE}.Debug|x86.ActiveCfg = Debug|Any CPU
		{D2E36461-A75A-4427-A970-85F71CE313DE}.Debug|x86.Build.0 = Debug|Any CPU
		{D2E36461-A75A-4427-A970-85F71CE313DE}.Release|Any CPU.ActiveCfg = Release|Any CPU
		{D2E36461-A75A-4427-A970-85F71CE313DE}.Release|Any CPU.Build.0 = Release|Any CPU
		{D2E36461-A75A-4427-A970-85F71CE313DE}.Release|ARM.ActiveCfg = Release|Any CPU
		{D2E36461-A75A-4427-A970-85F71CE313DE}.Release|ARM.Build.0 = Release|Any CPU
		{D2E36461-A75A-4427-A970-85F71CE313DE}.Release|arm64.ActiveCfg = Release|Any CPU
		{D2E36461-A75A-4427-A970-85F71CE313DE}.Release|arm64.Build.0 = Release|Any CPU
		{D2E36461-A75A-4427-A970-85F71CE313DE}.Release|x64.ActiveCfg = Release|Any CPU
		{D2E36461-A75A-4427-A970-85F71CE313DE}.Release|x64.Build.0 = Release|Any CPU
		{D2E36461-A75A-4427-A970-85F71CE313DE}.Release|x86.ActiveCfg = Release|Any CPU
		{D2E36461-A75A-4427-A970-85F71CE313DE}.Release|x86.Build.0 = Release|Any CPU
		{0D0019C1-5238-4929-B89D-FC9D145D5050}.Debug|Any CPU.ActiveCfg = Debug|Any CPU
		{0D0019C1-5238-4929-B89D-FC9D145D5050}.Debug|Any CPU.Build.0 = Debug|Any CPU
		{0D0019C1-5238-4929-B89D-FC9D145D5050}.Debug|ARM.ActiveCfg = Debug|Any CPU
		{0D0019C1-5238-4929-B89D-FC9D145D5050}.Debug|ARM.Build.0 = Debug|Any CPU
		{0D0019C1-5238-4929-B89D-FC9D145D5050}.Debug|arm64.ActiveCfg = Debug|Any CPU
		{0D0019C1-5238-4929-B89D-FC9D145D5050}.Debug|arm64.Build.0 = Debug|Any CPU
		{0D0019C1-5238-4929-B89D-FC9D145D5050}.Debug|x64.ActiveCfg = Debug|Any CPU
		{0D0019C1-5238-4929-B89D-FC9D145D5050}.Debug|x64.Build.0 = Debug|Any CPU
		{0D0019C1-5238-4929-B89D-FC9D145D5050}.Debug|x86.ActiveCfg = Debug|Any CPU
		{0D0019C1-5238-4929-B89D-FC9D145D5050}.Debug|x86.Build.0 = Debug|Any CPU
		{0D0019C1-5238-4929-B89D-FC9D145D5050}.Release|Any CPU.ActiveCfg = Release|Any CPU
		{0D0019C1-5238-4929-B89D-FC9D145D5050}.Release|Any CPU.Build.0 = Release|Any CPU
		{0D0019C1-5238-4929-B89D-FC9D145D5050}.Release|ARM.ActiveCfg = Release|Any CPU
		{0D0019C1-5238-4929-B89D-FC9D145D5050}.Release|ARM.Build.0 = Release|Any CPU
		{0D0019C1-5238-4929-B89D-FC9D145D5050}.Release|arm64.ActiveCfg = Release|Any CPU
		{0D0019C1-5238-4929-B89D-FC9D145D5050}.Release|arm64.Build.0 = Release|Any CPU
		{0D0019C1-5238-4929-B89D-FC9D145D5050}.Release|x64.ActiveCfg = Release|Any CPU
		{0D0019C1-5238-4929-B89D-FC9D145D5050}.Release|x64.Build.0 = Release|Any CPU
		{0D0019C1-5238-4929-B89D-FC9D145D5050}.Release|x86.ActiveCfg = Release|Any CPU
		{0D0019C1-5238-4929-B89D-FC9D145D5050}.Release|x86.Build.0 = Release|Any CPU
		{FA0F2286-36C6-4BC3-9135-17B5FEA95274}.Debug|Any CPU.ActiveCfg = Debug|Any CPU
		{FA0F2286-36C6-4BC3-9135-17B5FEA95274}.Debug|Any CPU.Build.0 = Debug|Any CPU
		{FA0F2286-36C6-4BC3-9135-17B5FEA95274}.Debug|ARM.ActiveCfg = Debug|Any CPU
		{FA0F2286-36C6-4BC3-9135-17B5FEA95274}.Debug|ARM.Build.0 = Debug|Any CPU
		{FA0F2286-36C6-4BC3-9135-17B5FEA95274}.Debug|arm64.ActiveCfg = Debug|Any CPU
		{FA0F2286-36C6-4BC3-9135-17B5FEA95274}.Debug|arm64.Build.0 = Debug|Any CPU
		{FA0F2286-36C6-4BC3-9135-17B5FEA95274}.Debug|x64.ActiveCfg = Debug|Any CPU
		{FA0F2286-36C6-4BC3-9135-17B5FEA95274}.Debug|x64.Build.0 = Debug|Any CPU
		{FA0F2286-36C6-4BC3-9135-17B5FEA95274}.Debug|x86.ActiveCfg = Debug|Any CPU
		{FA0F2286-36C6-4BC3-9135-17B5FEA95274}.Debug|x86.Build.0 = Debug|Any CPU
		{FA0F2286-36C6-4BC3-9135-17B5FEA95274}.Release|Any CPU.ActiveCfg = Release|Any CPU
		{FA0F2286-36C6-4BC3-9135-17B5FEA95274}.Release|Any CPU.Build.0 = Release|Any CPU
		{FA0F2286-36C6-4BC3-9135-17B5FEA95274}.Release|ARM.ActiveCfg = Release|Any CPU
		{FA0F2286-36C6-4BC3-9135-17B5FEA95274}.Release|ARM.Build.0 = Release|Any CPU
		{FA0F2286-36C6-4BC3-9135-17B5FEA95274}.Release|arm64.ActiveCfg = Release|Any CPU
		{FA0F2286-36C6-4BC3-9135-17B5FEA95274}.Release|arm64.Build.0 = Release|Any CPU
		{FA0F2286-36C6-4BC3-9135-17B5FEA95274}.Release|x64.ActiveCfg = Release|Any CPU
		{FA0F2286-36C6-4BC3-9135-17B5FEA95274}.Release|x64.Build.0 = Release|Any CPU
		{FA0F2286-36C6-4BC3-9135-17B5FEA95274}.Release|x86.ActiveCfg = Release|Any CPU
		{FA0F2286-36C6-4BC3-9135-17B5FEA95274}.Release|x86.Build.0 = Release|Any CPU
		{BA19EAEE-F4FA-4E69-B1F2-C6DDC1B2F714}.Debug|Any CPU.ActiveCfg = Debug|x64
		{BA19EAEE-F4FA-4E69-B1F2-C6DDC1B2F714}.Debug|Any CPU.Build.0 = Debug|x64
		{BA19EAEE-F4FA-4E69-B1F2-C6DDC1B2F714}.Debug|ARM.ActiveCfg = Debug|x64
		{BA19EAEE-F4FA-4E69-B1F2-C6DDC1B2F714}.Debug|ARM.Build.0 = Debug|x64
		{BA19EAEE-F4FA-4E69-B1F2-C6DDC1B2F714}.Debug|arm64.ActiveCfg = Debug|x64
		{BA19EAEE-F4FA-4E69-B1F2-C6DDC1B2F714}.Debug|arm64.Build.0 = Debug|x64
		{BA19EAEE-F4FA-4E69-B1F2-C6DDC1B2F714}.Debug|x64.ActiveCfg = Debug|x64
		{BA19EAEE-F4FA-4E69-B1F2-C6DDC1B2F714}.Debug|x64.Build.0 = Debug|x64
		{BA19EAEE-F4FA-4E69-B1F2-C6DDC1B2F714}.Debug|x86.ActiveCfg = Debug|Win32
		{BA19EAEE-F4FA-4E69-B1F2-C6DDC1B2F714}.Debug|x86.Build.0 = Debug|Win32
		{BA19EAEE-F4FA-4E69-B1F2-C6DDC1B2F714}.Release|Any CPU.ActiveCfg = Release|x64
		{BA19EAEE-F4FA-4E69-B1F2-C6DDC1B2F714}.Release|Any CPU.Build.0 = Release|x64
		{BA19EAEE-F4FA-4E69-B1F2-C6DDC1B2F714}.Release|ARM.ActiveCfg = Release|x64
		{BA19EAEE-F4FA-4E69-B1F2-C6DDC1B2F714}.Release|ARM.Build.0 = Release|x64
		{BA19EAEE-F4FA-4E69-B1F2-C6DDC1B2F714}.Release|arm64.ActiveCfg = Release|x64
		{BA19EAEE-F4FA-4E69-B1F2-C6DDC1B2F714}.Release|arm64.Build.0 = Release|x64
		{BA19EAEE-F4FA-4E69-B1F2-C6DDC1B2F714}.Release|x64.ActiveCfg = Release|x64
		{BA19EAEE-F4FA-4E69-B1F2-C6DDC1B2F714}.Release|x64.Build.0 = Release|x64
		{BA19EAEE-F4FA-4E69-B1F2-C6DDC1B2F714}.Release|x86.ActiveCfg = Release|Win32
		{BA19EAEE-F4FA-4E69-B1F2-C6DDC1B2F714}.Release|x86.Build.0 = Release|Win32
	EndGlobalSection
	GlobalSection(SolutionProperties) = preSolution
		HideSolutionNode = FALSE
	EndGlobalSection
	GlobalSection(ExtensibilityGlobals) = postSolution
		SolutionGuid = {CA8BB042-396F-49C7-8F7E-082C1409E3A7}
	EndGlobalSection
EndGlobal
